
Microsoft Visual Studio Solution File, Format Version 12.00
# Visual Studio 15
VisualStudioVersion = 15.0.27004.2002
MinimumVisualStudioVersion = 10.0.40219.1
Project("{FAE04EC0-301F-11D3-BF4B-00C04F79EFBC}") = "EngEdu", "EngEdu\EngEdu.csproj", "{2C5FAD6E-178D-4C48-B5D9-25A215789A8E}"
EndProject
Global
	GlobalSection(SolutionConfigurationPlatforms) = preSolution
		Debug|Any CPU = Debug|Any CPU
		Release|Any CPU = Release|Any CPU
	EndGlobalSection
	GlobalSection(ProjectConfigurationPlatforms) = postSolution
		{2C5FAD6E-178D-4C48-B5D9-25A215789A8E}.Debug|Any CPU.ActiveCfg = Debug|Any CPU
		{2C5FAD6E-178D-4C48-B5D9-25A215789A8E}.Debug|Any CPU.Build.0 = Debug|Any CPU
		{2C5FAD6E-178D-4C48-B5D9-25A215789A8E}.Release|Any CPU.ActiveCfg = Release|Any CPU
		{2C5FAD6E-178D-4C48-B5D9-25A215789A8E}.Release|Any CPU.Build.0 = Release|Any CPU
	EndGlobalSection
	GlobalSection(SolutionProperties) = preSolution
		HideSolutionNode = FALSE
	EndGlobalSection
	GlobalSection(ExtensibilityGlobals) = postSolution
		SolutionGuid = {8240C24C-4B77-42CA-B356-C0BF8B07C7EB}
	EndGlobalSection
EndGlobal
